
Microsoft Visual Studio Solution File, Format Version 12.00
# Visual Studio Version 17
VisualStudioVersion = 17.13.35825.156 d17.13
MinimumVisualStudioVersion = 10.0.40219.1
Project("{FAE04EC0-301F-11D3-BF4B-00C04F79EFBC}") = "ConstantExample", "ConstantExample\ConstantExample.csproj", "{FD0C8A5C-232B-4789-ABC7-D98ACA891203}"
EndProject
Global
	GlobalSection(SolutionConfigurationPlatforms) = preSolution
		Debug|Any CPU = Debug|Any CPU
		Release|Any CPU = Release|Any CPU
	EndGlobalSection
	GlobalSection(ProjectConfigurationPlatforms) = postSolution
		{FD0C8A5C-232B-4789-ABC7-D98ACA891203}.Debug|Any CPU.ActiveCfg = Debug|Any CPU
		{FD0C8A5C-232B-4789-ABC7-D98ACA891203}.Debug|Any CPU.Build.0 = Debug|Any CPU
		{FD0C8A5C-232B-4789-ABC7-D98ACA891203}.Release|Any CPU.ActiveCfg = Release|Any CPU
		{FD0C8A5C-232B-4789-ABC7-D98ACA891203}.Release|Any CPU.Build.0 = Release|Any CPU
	EndGlobalSection
	GlobalSection(SolutionProperties) = preSolution
		HideSolutionNode = FALSE
	EndGlobalSection
	GlobalSection(ExtensibilityGlobals) = postSolution
		SolutionGuid = {7271BF09-84F0-475C-B198-5ED02B65F37D}
	EndGlobalSection
EndGlobal
