
Microsoft Visual Studio Solution File, Format Version 12.00
# Visual Studio Version 17
VisualStudioVersion = 17.13.35825.156 d17.13
MinimumVisualStudioVersion = 10.0.40219.1
Project("{FAE04EC0-301F-11D3-BF4B-00C04F79EFBC}") = "EventExample2", "EventExample2\EventExample2.csproj", "{56A566E3-0C60-467D-9ECE-94C74056FB11}"
EndProject
Global
	GlobalSection(SolutionConfigurationPlatforms) = preSolution
		Debug|Any CPU = Debug|Any CPU
		Release|Any CPU = Release|Any CPU
	EndGlobalSection
	GlobalSection(ProjectConfigurationPlatforms) = postSolution
		{56A566E3-0C60-467D-9ECE-94C74056FB11}.Debug|Any CPU.ActiveCfg = Debug|Any CPU
		{56A566E3-0C60-467D-9ECE-94C74056FB11}.Debug|Any CPU.Build.0 = Debug|Any CPU
		{56A566E3-0C60-467D-9ECE-94C74056FB11}.Release|Any CPU.ActiveCfg = Release|Any CPU
		{56A566E3-0C60-467D-9ECE-94C74056FB11}.Release|Any CPU.Build.0 = Release|Any CPU
	EndGlobalSection
	GlobalSection(SolutionProperties) = preSolution
		HideSolutionNode = FALSE
	EndGlobalSection
	GlobalSection(ExtensibilityGlobals) = postSolution
		SolutionGuid = {A0D49C92-5E77-4ACA-BA06-BFEEA23B45D0}
	EndGlobalSection
EndGlobal
