
Microsoft Visual Studio Solution File, Format Version 12.00
# Visual Studio Version 17
VisualStudioVersion = 17.13.35825.156 d17.13
MinimumVisualStudioVersion = 10.0.40219.1
Project("{FAE04EC0-301F-11D3-BF4B-00C04F79EFBC}") = "StaticReadOnlyFieldExample", "StaticReadOnlyFieldExample\StaticReadOnlyFieldExample.csproj", "{1B1C705A-187E-4880-A48B-AE8FC9EFD6FE}"
EndProject
Global
	GlobalSection(SolutionConfigurationPlatforms) = preSolution
		Debug|Any CPU = Debug|Any CPU
		Release|Any CPU = Release|Any CPU
	EndGlobalSection
	GlobalSection(ProjectConfigurationPlatforms) = postSolution
		{1B1C705A-187E-4880-A48B-AE8FC9EFD6FE}.Debug|Any CPU.ActiveCfg = Debug|Any CPU
		{1B1C705A-187E-4880-A48B-AE8FC9EFD6FE}.Debug|Any CPU.Build.0 = Debug|Any CPU
		{1B1C705A-187E-4880-A48B-AE8FC9EFD6FE}.Release|Any CPU.ActiveCfg = Release|Any CPU
		{1B1C705A-187E-4880-A48B-AE8FC9EFD6FE}.Release|Any CPU.Build.0 = Release|Any CPU
	EndGlobalSection
	GlobalSection(SolutionProperties) = preSolution
		HideSolutionNode = FALSE
	EndGlobalSection
	GlobalSection(ExtensibilityGlobals) = postSolution
		SolutionGuid = {954CACF6-F678-455C-82BA-9FD8F1947F92}
	EndGlobalSection
EndGlobal
