
Microsoft Visual Studio Solution File, Format Version 12.00
# Visual Studio Version 17
VisualStudioVersion = 17.13.35825.156 d17.13
MinimumVisualStudioVersion = 10.0.40219.1
Project("{FAE04EC0-301F-11D3-BF4B-00C04F79EFBC}") = "BadDelegateUsingExample", "BadDelegateUsingExample\BadDelegateUsingExample.csproj", "{F314A952-0AA3-4753-A147-B6953998E662}"
EndProject
Global
	GlobalSection(SolutionConfigurationPlatforms) = preSolution
		Debug|Any CPU = Debug|Any CPU
		Release|Any CPU = Release|Any CPU
	EndGlobalSection
	GlobalSection(ProjectConfigurationPlatforms) = postSolution
		{F314A952-0AA3-4753-A147-B6953998E662}.Debug|Any CPU.ActiveCfg = Debug|Any CPU
		{F314A952-0AA3-4753-A147-B6953998E662}.Debug|Any CPU.Build.0 = Debug|Any CPU
		{F314A952-0AA3-4753-A147-B6953998E662}.Release|Any CPU.ActiveCfg = Release|Any CPU
		{F314A952-0AA3-4753-A147-B6953998E662}.Release|Any CPU.Build.0 = Release|Any CPU
	EndGlobalSection
	GlobalSection(SolutionProperties) = preSolution
		HideSolutionNode = FALSE
	EndGlobalSection
	GlobalSection(ExtensibilityGlobals) = postSolution
		SolutionGuid = {CC884D68-7F90-4CDC-892E-647F56E78120}
	EndGlobalSection
EndGlobal
