
Microsoft Visual Studio Solution File, Format Version 12.00
# Visual Studio Version 17
VisualStudioVersion = 17.13.35825.156 d17.13
MinimumVisualStudioVersion = 10.0.40219.1
Project("{FAE04EC0-301F-11D3-BF4B-00C04F79EFBC}") = "ParametersExample6", "ParametersExample6\ParametersExample6.csproj", "{484A82A4-5A4A-4986-AE4B-67F96B89E8F9}"
EndProject
Global
	GlobalSection(SolutionConfigurationPlatforms) = preSolution
		Debug|Any CPU = Debug|Any CPU
		Release|Any CPU = Release|Any CPU
	EndGlobalSection
	GlobalSection(ProjectConfigurationPlatforms) = postSolution
		{484A82A4-5A4A-4986-AE4B-67F96B89E8F9}.Debug|Any CPU.ActiveCfg = Debug|Any CPU
		{484A82A4-5A4A-4986-AE4B-67F96B89E8F9}.Debug|Any CPU.Build.0 = Debug|Any CPU
		{484A82A4-5A4A-4986-AE4B-67F96B89E8F9}.Release|Any CPU.ActiveCfg = Release|Any CPU
		{484A82A4-5A4A-4986-AE4B-67F96B89E8F9}.Release|Any CPU.Build.0 = Release|Any CPU
	EndGlobalSection
	GlobalSection(SolutionProperties) = preSolution
		HideSolutionNode = FALSE
	EndGlobalSection
	GlobalSection(ExtensibilityGlobals) = postSolution
		SolutionGuid = {1807FC7D-7C50-483B-8C9C-EC8A356EC144}
	EndGlobalSection
EndGlobal
