
Microsoft Visual Studio Solution File, Format Version 12.00
# Visual Studio Version 17
VisualStudioVersion = 17.13.35825.156 d17.13
MinimumVisualStudioVersion = 10.0.40219.1
Project("{FAE04EC0-301F-11D3-BF4B-00C04F79EFBC}") = "ParametersExample11", "ParametersExample11\ParametersExample11.csproj", "{33956EB9-199F-4802-8B3E-E78BA5799F00}"
EndProject
Global
	GlobalSection(SolutionConfigurationPlatforms) = preSolution
		Debug|Any CPU = Debug|Any CPU
		Release|Any CPU = Release|Any CPU
	EndGlobalSection
	GlobalSection(ProjectConfigurationPlatforms) = postSolution
		{33956EB9-199F-4802-8B3E-E78BA5799F00}.Debug|Any CPU.ActiveCfg = Debug|Any CPU
		{33956EB9-199F-4802-8B3E-E78BA5799F00}.Debug|Any CPU.Build.0 = Debug|Any CPU
		{33956EB9-199F-4802-8B3E-E78BA5799F00}.Release|Any CPU.ActiveCfg = Release|Any CPU
		{33956EB9-199F-4802-8B3E-E78BA5799F00}.Release|Any CPU.Build.0 = Release|Any CPU
	EndGlobalSection
	GlobalSection(SolutionProperties) = preSolution
		HideSolutionNode = FALSE
	EndGlobalSection
	GlobalSection(ExtensibilityGlobals) = postSolution
		SolutionGuid = {61CF9C79-33FF-4764-AD95-C3748D3E975D}
	EndGlobalSection
EndGlobal
