
Microsoft Visual Studio Solution File, Format Version 12.00
# Visual Studio Version 17
VisualStudioVersion = 17.13.35825.156 d17.13
MinimumVisualStudioVersion = 10.0.40219.1
Project("{FAE04EC0-301F-11D3-BF4B-00C04F79EFBC}") = "MulticastDelegateExample2", "MulticastDelegateExample2\MulticastDelegateExample2.csproj", "{FB9B40FB-FEE2-4535-A496-EC8A0CE0C164}"
EndProject
Global
	GlobalSection(SolutionConfigurationPlatforms) = preSolution
		Debug|Any CPU = Debug|Any CPU
		Release|Any CPU = Release|Any CPU
	EndGlobalSection
	GlobalSection(ProjectConfigurationPlatforms) = postSolution
		{FB9B40FB-FEE2-4535-A496-EC8A0CE0C164}.Debug|Any CPU.ActiveCfg = Debug|Any CPU
		{FB9B40FB-FEE2-4535-A496-EC8A0CE0C164}.Debug|Any CPU.Build.0 = Debug|Any CPU
		{FB9B40FB-FEE2-4535-A496-EC8A0CE0C164}.Release|Any CPU.ActiveCfg = Release|Any CPU
		{FB9B40FB-FEE2-4535-A496-EC8A0CE0C164}.Release|Any CPU.Build.0 = Release|Any CPU
	EndGlobalSection
	GlobalSection(SolutionProperties) = preSolution
		HideSolutionNode = FALSE
	EndGlobalSection
	GlobalSection(ExtensibilityGlobals) = postSolution
		SolutionGuid = {37BA2F4E-7D23-4DD5-ADBB-47E3085E2E97}
	EndGlobalSection
EndGlobal
