
Microsoft Visual Studio Solution File, Format Version 12.00
# Visual Studio Version 17
VisualStudioVersion = 17.13.35825.156 d17.13
MinimumVisualStudioVersion = 10.0.40219.1
Project("{FAE04EC0-301F-11D3-BF4B-00C04F79EFBC}") = "HelloClass1", "HelloClass1\HelloClass1.csproj", "{88A3DCEC-44DE-4E98-A45E-E822DA753C1B}"
EndProject
Global
	GlobalSection(SolutionConfigurationPlatforms) = preSolution
		Debug|Any CPU = Debug|Any CPU
		Release|Any CPU = Release|Any CPU
	EndGlobalSection
	GlobalSection(ProjectConfigurationPlatforms) = postSolution
		{88A3DCEC-44DE-4E98-A45E-E822DA753C1B}.Debug|Any CPU.ActiveCfg = Debug|Any CPU
		{88A3DCEC-44DE-4E98-A45E-E822DA753C1B}.Debug|Any CPU.Build.0 = Debug|Any CPU
		{88A3DCEC-44DE-4E98-A45E-E822DA753C1B}.Release|Any CPU.ActiveCfg = Release|Any CPU
		{88A3DCEC-44DE-4E98-A45E-E822DA753C1B}.Release|Any CPU.Build.0 = Release|Any CPU
	EndGlobalSection
	GlobalSection(SolutionProperties) = preSolution
		HideSolutionNode = FALSE
	EndGlobalSection
	GlobalSection(ExtensibilityGlobals) = postSolution
		SolutionGuid = {9D5BB353-F4FD-43AA-96B8-7E6258B99B7C}
	EndGlobalSection
EndGlobal
