
Microsoft Visual Studio Solution File, Format Version 12.00
# Visual Studio Version 17
VisualStudioVersion = 17.13.35825.156 d17.13
MinimumVisualStudioVersion = 10.0.40219.1
Project("{FAE04EC0-301F-11D3-BF4B-00C04F79EFBC}") = "DelegateExample1", "DelegateExample1\DelegateExample1.csproj", "{1261DFA1-41CB-42B1-AFEF-29CEF1C7E1A6}"
EndProject
Global
	GlobalSection(SolutionConfigurationPlatforms) = preSolution
		Debug|Any CPU = Debug|Any CPU
		Release|Any CPU = Release|Any CPU
	EndGlobalSection
	GlobalSection(ProjectConfigurationPlatforms) = postSolution
		{1261DFA1-41CB-42B1-AFEF-29CEF1C7E1A6}.Debug|Any CPU.ActiveCfg = Debug|Any CPU
		{1261DFA1-41CB-42B1-AFEF-29CEF1C7E1A6}.Debug|Any CPU.Build.0 = Debug|Any CPU
		{1261DFA1-41CB-42B1-AFEF-29CEF1C7E1A6}.Release|Any CPU.ActiveCfg = Release|Any CPU
		{1261DFA1-41CB-42B1-AFEF-29CEF1C7E1A6}.Release|Any CPU.Build.0 = Release|Any CPU
	EndGlobalSection
	GlobalSection(SolutionProperties) = preSolution
		HideSolutionNode = FALSE
	EndGlobalSection
	GlobalSection(ExtensibilityGlobals) = postSolution
		SolutionGuid = {AEF6C518-076A-46B5-834B-20A1E0148739}
	EndGlobalSection
EndGlobal
