
Microsoft Visual Studio Solution File, Format Version 12.00
# Visual Studio Version 17
VisualStudioVersion = 17.13.35825.156 d17.13
MinimumVisualStudioVersion = 10.0.40219.1
Project("{FAE04EC0-301F-11D3-BF4B-00C04F79EFBC}") = "HelloOPP", "HelloOPP\HelloOPP.csproj", "{04B0E085-99FC-458F-BFE0-16E94B2993F8}"
EndProject
Global
	GlobalSection(SolutionConfigurationPlatforms) = preSolution
		Debug|Any CPU = Debug|Any CPU
		Release|Any CPU = Release|Any CPU
	EndGlobalSection
	GlobalSection(ProjectConfigurationPlatforms) = postSolution
		{04B0E085-99FC-458F-BFE0-16E94B2993F8}.Debug|Any CPU.ActiveCfg = Debug|Any CPU
		{04B0E085-99FC-458F-BFE0-16E94B2993F8}.Debug|Any CPU.Build.0 = Debug|Any CPU
		{04B0E085-99FC-458F-BFE0-16E94B2993F8}.Release|Any CPU.ActiveCfg = Release|Any CPU
		{04B0E085-99FC-458F-BFE0-16E94B2993F8}.Release|Any CPU.Build.0 = Release|Any CPU
	EndGlobalSection
	GlobalSection(SolutionProperties) = preSolution
		HideSolutionNode = FALSE
	EndGlobalSection
	GlobalSection(ExtensibilityGlobals) = postSolution
		SolutionGuid = {397C2F1A-A66F-44E7-B1FB-5C3E4582562E}
	EndGlobalSection
EndGlobal
