
Microsoft Visual Studio Solution File, Format Version 12.00
# Visual Studio Version 17
VisualStudioVersion = 17.13.35825.156 d17.13
MinimumVisualStudioVersion = 10.0.40219.1
Project("{FAE04EC0-301F-11D3-BF4B-00C04F79EFBC}") = "EventExample", "EventExample\EventExample.csproj", "{3F014C2C-D7A4-4AAA-A963-FB82DA16CD39}"
EndProject
Global
	GlobalSection(SolutionConfigurationPlatforms) = preSolution
		Debug|Any CPU = Debug|Any CPU
		Release|Any CPU = Release|Any CPU
	EndGlobalSection
	GlobalSection(ProjectConfigurationPlatforms) = postSolution
		{3F014C2C-D7A4-4AAA-A963-FB82DA16CD39}.Debug|Any CPU.ActiveCfg = Debug|Any CPU
		{3F014C2C-D7A4-4AAA-A963-FB82DA16CD39}.Debug|Any CPU.Build.0 = Debug|Any CPU
		{3F014C2C-D7A4-4AAA-A963-FB82DA16CD39}.Release|Any CPU.ActiveCfg = Release|Any CPU
		{3F014C2C-D7A4-4AAA-A963-FB82DA16CD39}.Release|Any CPU.Build.0 = Release|Any CPU
	EndGlobalSection
	GlobalSection(SolutionProperties) = preSolution
		HideSolutionNode = FALSE
	EndGlobalSection
	GlobalSection(ExtensibilityGlobals) = postSolution
		SolutionGuid = {09DE78B5-D98C-4CF7-87B2-B7416EF92E09}
	EndGlobalSection
EndGlobal
