
Microsoft Visual Studio Solution File, Format Version 12.00
# Visual Studio Version 17
VisualStudioVersion = 17.13.35825.156 d17.13
MinimumVisualStudioVersion = 10.0.40219.1
Project("{FAE04EC0-301F-11D3-BF4B-00C04F79EFBC}") = "ParametersExample1", "ParametersExample\ParametersExample1.csproj", "{7C9B08C3-21D7-40CA-AC80-4032E6AA8567}"
EndProject
Global
	GlobalSection(SolutionConfigurationPlatforms) = preSolution
		Debug|Any CPU = Debug|Any CPU
		Release|Any CPU = Release|Any CPU
	EndGlobalSection
	GlobalSection(ProjectConfigurationPlatforms) = postSolution
		{7C9B08C3-21D7-40CA-AC80-4032E6AA8567}.Debug|Any CPU.ActiveCfg = Debug|Any CPU
		{7C9B08C3-21D7-40CA-AC80-4032E6AA8567}.Debug|Any CPU.Build.0 = Debug|Any CPU
		{7C9B08C3-21D7-40CA-AC80-4032E6AA8567}.Release|Any CPU.ActiveCfg = Release|Any CPU
		{7C9B08C3-21D7-40CA-AC80-4032E6AA8567}.Release|Any CPU.Build.0 = Release|Any CPU
	EndGlobalSection
	GlobalSection(SolutionProperties) = preSolution
		HideSolutionNode = FALSE
	EndGlobalSection
	GlobalSection(ExtensibilityGlobals) = postSolution
		SolutionGuid = {AB066EAA-4E94-4CF0-A137-3EBC8CFD5F54}
	EndGlobalSection
EndGlobal
