
Microsoft Visual Studio Solution File, Format Version 12.00
# Visual Studio Version 17
VisualStudioVersion = 17.13.35825.156 d17.13
MinimumVisualStudioVersion = 10.0.40219.1
Project("{FAE04EC0-301F-11D3-BF4B-00C04F79EFBC}") = "PropertyExample2", "PropertyExample2\PropertyExample2.csproj", "{E246FA05-0D16-433D-B237-C225FC9F88DA}"
EndProject
Global
	GlobalSection(SolutionConfigurationPlatforms) = preSolution
		Debug|Any CPU = Debug|Any CPU
		Release|Any CPU = Release|Any CPU
	EndGlobalSection
	GlobalSection(ProjectConfigurationPlatforms) = postSolution
		{E246FA05-0D16-433D-B237-C225FC9F88DA}.Debug|Any CPU.ActiveCfg = Debug|Any CPU
		{E246FA05-0D16-433D-B237-C225FC9F88DA}.Debug|Any CPU.Build.0 = Debug|Any CPU
		{E246FA05-0D16-433D-B237-C225FC9F88DA}.Release|Any CPU.ActiveCfg = Release|Any CPU
		{E246FA05-0D16-433D-B237-C225FC9F88DA}.Release|Any CPU.Build.0 = Release|Any CPU
	EndGlobalSection
	GlobalSection(SolutionProperties) = preSolution
		HideSolutionNode = FALSE
	EndGlobalSection
	GlobalSection(ExtensibilityGlobals) = postSolution
		SolutionGuid = {0054C4C9-A603-4F3E-A15B-5C8AC47A9699}
	EndGlobalSection
EndGlobal
