
Microsoft Visual Studio Solution File, Format Version 12.00
# Visual Studio Version 17
VisualStudioVersion = 17.13.35825.156 d17.13
MinimumVisualStudioVersion = 10.0.40219.1
Project("{FAE04EC0-301F-11D3-BF4B-00C04F79EFBC}") = "InterfaceExample", "InterfaceExample\InterfaceExample.csproj", "{DB12FF7F-7B39-4A7F-8480-4D5341F4C72D}"
EndProject
Global
	GlobalSection(SolutionConfigurationPlatforms) = preSolution
		Debug|Any CPU = Debug|Any CPU
		Release|Any CPU = Release|Any CPU
	EndGlobalSection
	GlobalSection(ProjectConfigurationPlatforms) = postSolution
		{DB12FF7F-7B39-4A7F-8480-4D5341F4C72D}.Debug|Any CPU.ActiveCfg = Debug|Any CPU
		{DB12FF7F-7B39-4A7F-8480-4D5341F4C72D}.Debug|Any CPU.Build.0 = Debug|Any CPU
		{DB12FF7F-7B39-4A7F-8480-4D5341F4C72D}.Release|Any CPU.ActiveCfg = Release|Any CPU
		{DB12FF7F-7B39-4A7F-8480-4D5341F4C72D}.Release|Any CPU.Build.0 = Release|Any CPU
	EndGlobalSection
	GlobalSection(SolutionProperties) = preSolution
		HideSolutionNode = FALSE
	EndGlobalSection
	GlobalSection(ExtensibilityGlobals) = postSolution
		SolutionGuid = {902CA91B-4215-4A83-B3EA-7AE529DCA1EC}
	EndGlobalSection
EndGlobal
