
Microsoft Visual Studio Solution File, Format Version 12.00
# Visual Studio Version 17
VisualStudioVersion = 17.13.35825.156 d17.13
MinimumVisualStudioVersion = 10.0.40219.1
Project("{FAE04EC0-301F-11D3-BF4B-00C04F79EFBC}") = "HelloAccess1", "HelloAccess1\HelloAccess1.csproj", "{4068DBFB-74A9-49AC-8978-1B0DFE1BB977}"
EndProject
Project("{FAE04EC0-301F-11D3-BF4B-00C04F79EFBC}") = "MyLib", "MyLib\MyLib.csproj", "{36E00C6F-9E52-41CD-804E-CF0DC06042E3}"
EndProject
Global
	GlobalSection(SolutionConfigurationPlatforms) = preSolution
		Debug|Any CPU = Debug|Any CPU
		Release|Any CPU = Release|Any CPU
	EndGlobalSection
	GlobalSection(ProjectConfigurationPlatforms) = postSolution
		{4068DBFB-74A9-49AC-8978-1B0DFE1BB977}.Debug|Any CPU.ActiveCfg = Debug|Any CPU
		{4068DBFB-74A9-49AC-8978-1B0DFE1BB977}.Debug|Any CPU.Build.0 = Debug|Any CPU
		{4068DBFB-74A9-49AC-8978-1B0DFE1BB977}.Release|Any CPU.ActiveCfg = Release|Any CPU
		{4068DBFB-74A9-49AC-8978-1B0DFE1BB977}.Release|Any CPU.Build.0 = Release|Any CPU
		{36E00C6F-9E52-41CD-804E-CF0DC06042E3}.Debug|Any CPU.ActiveCfg = Debug|Any CPU
		{36E00C6F-9E52-41CD-804E-CF0DC06042E3}.Debug|Any CPU.Build.0 = Debug|Any CPU
		{36E00C6F-9E52-41CD-804E-CF0DC06042E3}.Release|Any CPU.ActiveCfg = Release|Any CPU
		{36E00C6F-9E52-41CD-804E-CF0DC06042E3}.Release|Any CPU.Build.0 = Release|Any CPU
	EndGlobalSection
	GlobalSection(SolutionProperties) = preSolution
		HideSolutionNode = FALSE
	EndGlobalSection
	GlobalSection(ExtensibilityGlobals) = postSolution
		SolutionGuid = {356334B8-1DBB-4745-8CCE-46E1C825532F}
	EndGlobalSection
EndGlobal
