
Microsoft Visual Studio Solution File, Format Version 12.00
# Visual Studio Version 17
VisualStudioVersion = 17.13.35825.156 d17.13
MinimumVisualStudioVersion = 10.0.40219.1
Project("{FAE04EC0-301F-11D3-BF4B-00C04F79EFBC}") = "HelloAccess", "HelloAccess\HelloAccess.csproj", "{849FBE94-3464-4344-83D5-329C6D0AB5F0}"
EndProject
Global
	GlobalSection(SolutionConfigurationPlatforms) = preSolution
		Debug|Any CPU = Debug|Any CPU
		Release|Any CPU = Release|Any CPU
	EndGlobalSection
	GlobalSection(ProjectConfigurationPlatforms) = postSolution
		{849FBE94-3464-4344-83D5-329C6D0AB5F0}.Debug|Any CPU.ActiveCfg = Debug|Any CPU
		{849FBE94-3464-4344-83D5-329C6D0AB5F0}.Debug|Any CPU.Build.0 = Debug|Any CPU
		{849FBE94-3464-4344-83D5-329C6D0AB5F0}.Release|Any CPU.ActiveCfg = Release|Any CPU
		{849FBE94-3464-4344-83D5-329C6D0AB5F0}.Release|Any CPU.Build.0 = Release|Any CPU
	EndGlobalSection
	GlobalSection(SolutionProperties) = preSolution
		HideSolutionNode = FALSE
	EndGlobalSection
	GlobalSection(ExtensibilityGlobals) = postSolution
		SolutionGuid = {AD74D161-28EF-4156-BD05-55838198E1DB}
	EndGlobalSection
EndGlobal
